// !$*UTF8*$!
{
	archiveVersion = 1;
	classes = {
	};
	objectVersion = 55;
	objects = {

/* Begin PBXBuildFile section */
		037E1411286C592B0049B0C0 /* AppDelegate.swift in Sources */ = {isa = PBXBuildFile; fileRef = 037E1410286C592B0049B0C0 /* AppDelegate.swift */; };
		037E1413286C592B0049B0C0 /* SceneDelegate.swift in Sources */ = {isa = PBXBuildFile; fileRef = 037E1412286C592B0049B0C0 /* SceneDelegate.swift */; };
		037E1418286C592B0049B0C0 /* Main.storyboard in Resources */ = {isa = PBXBuildFile; fileRef = 037E1416286C592B0049B0C0 /* Main.storyboard */; };
		037E141A286C592E0049B0C0 /* Assets.xcassets in Resources */ = {isa = PBXBuildFile; fileRef = 037E1419286C592E0049B0C0 /* Assets.xcassets */; };
		037E141D286C592E0049B0C0 /* LaunchScreen.storyboard in Resources */ = {isa = PBXBuildFile; fileRef = 037E141B286C592E0049B0C0 /* LaunchScreen.storyboard */; };
		037E1428286C592E0049B0C0 /* KiliaroPhotoGalleryTests.swift in Sources */ = {isa = PBXBuildFile; fileRef = 037E1427286C592E0049B0C0 /* KiliaroPhotoGalleryTests.swift */; };
		037E1432286C592E0049B0C0 /* KiliaroPhotoGalleryUITests.swift in Sources */ = {isa = PBXBuildFile; fileRef = 037E1431286C592E0049B0C0 /* KiliaroPhotoGalleryUITests.swift */; };
		037E1434286C592E0049B0C0 /* KiliaroPhotoGalleryUITestsLaunchTests.swift in Sources */ = {isa = PBXBuildFile; fileRef = 037E1433286C592E0049B0C0 /* KiliaroPhotoGalleryUITestsLaunchTests.swift */; };
		03BD2B9A286C5CD8005A60B0 /* GalleyViewController.swift in Sources */ = {isa = PBXBuildFile; fileRef = 03BD2B99286C5CD8005A60B0 /* GalleyViewController.swift */; };
		03BD2B9E286C5D3F005A60B0 /* GalleryViewModel.swift in Sources */ = {isa = PBXBuildFile; fileRef = 03BD2B9D286C5D3F005A60B0 /* GalleryViewModel.swift */; };
		03BD2BA0286C5D6F005A60B0 /* Model.swift in Sources */ = {isa = PBXBuildFile; fileRef = 03BD2B9F286C5D6F005A60B0 /* Model.swift */; };
		03BD2BA3286C6252005A60B0 /* Gallery+Network.swift in Sources */ = {isa = PBXBuildFile; fileRef = 03BD2BA2286C6252005A60B0 /* Gallery+Network.swift */; };
		03BD2BA7286C6425005A60B0 /* NetworkController.swift in Sources */ = {isa = PBXBuildFile; fileRef = 03BD2BA6286C6425005A60B0 /* NetworkController.swift */; };
/* End PBXBuildFile section */

/* Begin PBXContainerItemProxy section */
		037E1424286C592E0049B0C0 /* PBXContainerItemProxy */ = {
			isa = PBXContainerItemProxy;
			containerPortal = 037E1405286C592B0049B0C0 /* Project object */;
			proxyType = 1;
			remoteGlobalIDString = 037E140C286C592B0049B0C0;
			remoteInfo = KiliaroPhotoGallery;
		};
		037E142E286C592E0049B0C0 /* PBXContainerItemProxy */ = {
			isa = PBXContainerItemProxy;
			containerPortal = 037E1405286C592B0049B0C0 /* Project object */;
			proxyType = 1;
			remoteGlobalIDString = 037E140C286C592B0049B0C0;
			remoteInfo = KiliaroPhotoGallery;
		};
/* End PBXContainerItemProxy section */

/* Begin PBXFileReference section */
		037E140D286C592B0049B0C0 /* KiliaroPhotoGallery.app */ = {isa = PBXFileReference; explicitFileType = wrapper.application; includeInIndex = 0; path = KiliaroPhotoGallery.app; sourceTree = BUILT_PRODUCTS_DIR; };
		037E1410286C592B0049B0C0 /* AppDelegate.swift */ = {isa = PBXFileReference; lastKnownFileType = sourcecode.swift; path = AppDelegate.swift; sourceTree = "<group>"; };
		037E1412286C592B0049B0C0 /* SceneDelegate.swift */ = {isa = PBXFileReference; lastKnownFileType = sourcecode.swift; path = SceneDelegate.swift; sourceTree = "<group>"; };
		037E1417286C592B0049B0C0 /* Base */ = {isa = PBXFileReference; lastKnownFileType = file.storyboard; name = Base; path = Base.lproj/Main.storyboard; sourceTree = "<group>"; };
		037E1419286C592E0049B0C0 /* Assets.xcassets */ = {isa = PBXFileReference; lastKnownFileType = folder.assetcatalog; path = Assets.xcassets; sourceTree = "<group>"; };
		037E141C286C592E0049B0C0 /* Base */ = {isa = PBXFileReference; lastKnownFileType = file.storyboard; name = Base; path = Base.lproj/LaunchScreen.storyboard; sourceTree = "<group>"; };
		037E141E286C592E0049B0C0 /* Info.plist */ = {isa = PBXFileReference; lastKnownFileType = text.plist.xml; path = Info.plist; sourceTree = "<group>"; };
		037E1423286C592E0049B0C0 /* KiliaroPhotoGalleryTests.xctest */ = {isa = PBXFileReference; explicitFileType = wrapper.cfbundle; includeInIndex = 0; path = KiliaroPhotoGalleryTests.xctest; sourceTree = BUILT_PRODUCTS_DIR; };
		037E1427286C592E0049B0C0 /* KiliaroPhotoGalleryTests.swift */ = {isa = PBXFileReference; lastKnownFileType = sourcecode.swift; path = KiliaroPhotoGalleryTests.swift; sourceTree = "<group>"; };
		037E142D286C592E0049B0C0 /* KiliaroPhotoGalleryUITests.xctest */ = {isa = PBXFileReference; explicitFileType = wrapper.cfbundle; includeInIndex = 0; path = KiliaroPhotoGalleryUITests.xctest; sourceTree = BUILT_PRODUCTS_DIR; };
		037E1431286C592E0049B0C0 /* KiliaroPhotoGalleryUITests.swift */ = {isa = PBXFileReference; lastKnownFileType = sourcecode.swift; path = KiliaroPhotoGalleryUITests.swift; sourceTree = "<group>"; };
		037E1433286C592E0049B0C0 /* KiliaroPhotoGalleryUITestsLaunchTests.swift */ = {isa = PBXFileReference; lastKnownFileType = sourcecode.swift; path = KiliaroPhotoGalleryUITestsLaunchTests.swift; sourceTree = "<group>"; };
		03BD2B99286C5CD8005A60B0 /* GalleyViewController.swift */ = {isa = PBXFileReference; lastKnownFileType = sourcecode.swift; path = GalleyViewController.swift; sourceTree = "<group>"; };
		03BD2B9D286C5D3F005A60B0 /* GalleryViewModel.swift */ = {isa = PBXFileReference; lastKnownFileType = sourcecode.swift; path = GalleryViewModel.swift; sourceTree = "<group>"; };
		03BD2B9F286C5D6F005A60B0 /* Model.swift */ = {isa = PBXFileReference; lastKnownFileType = sourcecode.swift; path = Model.swift; sourceTree = "<group>"; };
		03BD2BA2286C6252005A60B0 /* Gallery+Network.swift */ = {isa = PBXFileReference; lastKnownFileType = sourcecode.swift; path = "Gallery+Network.swift"; sourceTree = "<group>"; };
		03BD2BA6286C6425005A60B0 /* NetworkController.swift */ = {isa = PBXFileReference; lastKnownFileType = sourcecode.swift; path = NetworkController.swift; sourceTree = "<group>"; };
/* End PBXFileReference section */

/* Begin PBXFrameworksBuildPhase section */
		037E140A286C592B0049B0C0 /* Frameworks */ = {
			isa = PBXFrameworksBuildPhase;
			buildActionMask = 2147483647;
			files = (
			);
			runOnlyForDeploymentPostprocessing = 0;
		};
		037E1420286C592E0049B0C0 /* Frameworks */ = {
			isa = PBXFrameworksBuildPhase;
			buildActionMask = 2147483647;
			files = (
			);
			runOnlyForDeploymentPostprocessing = 0;
		};
		037E142A286C592E0049B0C0 /* Frameworks */ = {
			isa = PBXFrameworksBuildPhase;
			buildActionMask = 2147483647;
			files = (
			);
			runOnlyForDeploymentPostprocessing = 0;
		};
/* End PBXFrameworksBuildPhase section */

/* Begin PBXGroup section */
		037E1404286C592B0049B0C0 = {
			isa = PBXGroup;
			children = (
				037E140F286C592B0049B0C0 /* KiliaroPhotoGallery */,
				037E1426286C592E0049B0C0 /* KiliaroPhotoGalleryTests */,
				037E1430286C592E0049B0C0 /* KiliaroPhotoGalleryUITests */,
				037E140E286C592B0049B0C0 /* Products */,
			);
			sourceTree = "<group>";
		};
		037E140E286C592B0049B0C0 /* Products */ = {
			isa = PBXGroup;
			children = (
				037E140D286C592B0049B0C0 /* KiliaroPhotoGallery.app */,
				037E1423286C592E0049B0C0 /* KiliaroPhotoGalleryTests.xctest */,
				037E142D286C592E0049B0C0 /* KiliaroPhotoGalleryUITests.xctest */,
			);
			name = Products;
			sourceTree = "<group>";
		};
		037E140F286C592B0049B0C0 /* KiliaroPhotoGallery */ = {
			isa = PBXGroup;
			children = (
				037E1442286C5A290049B0C0 /* App */,
				03BD2BA5286C63DB005A60B0 /* Network */,
				037E1440286C59770049B0C0 /* Resource */,
				037E1441286C59870049B0C0 /* Starter */,
			);
			path = KiliaroPhotoGallery;
			sourceTree = "<group>";
		};
		037E1426286C592E0049B0C0 /* KiliaroPhotoGalleryTests */ = {
			isa = PBXGroup;
			children = (
				037E1427286C592E0049B0C0 /* KiliaroPhotoGalleryTests.swift */,
			);
			path = KiliaroPhotoGalleryTests;
			sourceTree = "<group>";
		};
		037E1430286C592E0049B0C0 /* KiliaroPhotoGalleryUITests */ = {
			isa = PBXGroup;
			children = (
				037E1431286C592E0049B0C0 /* KiliaroPhotoGalleryUITests.swift */,
				037E1433286C592E0049B0C0 /* KiliaroPhotoGalleryUITestsLaunchTests.swift */,
			);
			path = KiliaroPhotoGalleryUITests;
			sourceTree = "<group>";
		};
		037E1440286C59770049B0C0 /* Resource */ = {
			isa = PBXGroup;
			children = (
				037E1419286C592E0049B0C0 /* Assets.xcassets */,
				037E141B286C592E0049B0C0 /* LaunchScreen.storyboard */,
				037E141E286C592E0049B0C0 /* Info.plist */,
			);
			path = Resource;
			sourceTree = "<group>";
		};
		037E1441286C59870049B0C0 /* Starter */ = {
			isa = PBXGroup;
			children = (
				037E1410286C592B0049B0C0 /* AppDelegate.swift */,
				037E1412286C592B0049B0C0 /* SceneDelegate.swift */,
			);
			path = Starter;
			sourceTree = "<group>";
		};
		037E1442286C5A290049B0C0 /* App */ = {
			isa = PBXGroup;
			children = (
				03BD2B98286C5CA6005A60B0 /* Gallery */,
				037E1416286C592B0049B0C0 /* Main.storyboard */,
			);
			path = App;
			sourceTree = "<group>";
		};
		03BD2B98286C5CA6005A60B0 /* Gallery */ = {
			isa = PBXGroup;
			children = (
				03BD2BA1286C5D73005A60B0 /* Model */,
				03BD2BA4286C6257005A60B0 /* Network */,
				03BD2B9B286C5D1F005A60B0 /* View */,
				03BD2B9C286C5D26005A60B0 /* ViewModel */,
			);
			path = Gallery;
			sourceTree = "<group>";
		};
		03BD2B9B286C5D1F005A60B0 /* View */ = {
			isa = PBXGroup;
			children = (
				03BD2B99286C5CD8005A60B0 /* GalleyViewController.swift */,
			);
			path = View;
			sourceTree = "<group>";
		};
		03BD2B9C286C5D26005A60B0 /* ViewModel */ = {
			isa = PBXGroup;
			children = (
				03BD2B9D286C5D3F005A60B0 /* GalleryViewModel.swift */,
			);
			path = ViewModel;
			sourceTree = "<group>";
		};
		03BD2BA1286C5D73005A60B0 /* Model */ = {
			isa = PBXGroup;
			children = (
				03BD2B9F286C5D6F005A60B0 /* Model.swift */,
			);
			path = Model;
			sourceTree = "<group>";
		};
		03BD2BA4286C6257005A60B0 /* Network */ = {
			isa = PBXGroup;
			children = (
				03BD2BA2286C6252005A60B0 /* Gallery+Network.swift */,
			);
			path = Network;
			sourceTree = "<group>";
		};
		03BD2BA5286C63DB005A60B0 /* Network */ = {
			isa = PBXGroup;
			children = (
				03BD2BA6286C6425005A60B0 /* NetworkController.swift */,
			);
			path = Network;
			sourceTree = "<group>";
		};
/* End PBXGroup section */

/* Begin PBXNativeTarget section */
		037E140C286C592B0049B0C0 /* KiliaroPhotoGallery */ = {
			isa = PBXNativeTarget;
			buildConfigurationList = 037E1437286C592E0049B0C0 /* Build configuration list for PBXNativeTarget "KiliaroPhotoGallery" */;
			buildPhases = (
				037E1409286C592B0049B0C0 /* Sources */,
				037E140A286C592B0049B0C0 /* Frameworks */,
				037E140B286C592B0049B0C0 /* Resources */,
			);
			buildRules = (
			);
			dependencies = (
			);
			name = KiliaroPhotoGallery;
			productName = KiliaroPhotoGallery;
			productReference = 037E140D286C592B0049B0C0 /* KiliaroPhotoGallery.app */;
			productType = "com.apple.product-type.application";
		};
		037E1422286C592E0049B0C0 /* KiliaroPhotoGalleryTests */ = {
			isa = PBXNativeTarget;
			buildConfigurationList = 037E143A286C592E0049B0C0 /* Build configuration list for PBXNativeTarget "KiliaroPhotoGalleryTests" */;
			buildPhases = (
				037E141F286C592E0049B0C0 /* Sources */,
				037E1420286C592E0049B0C0 /* Frameworks */,
				037E1421286C592E0049B0C0 /* Resources */,
			);
			buildRules = (
			);
			dependencies = (
				037E1425286C592E0049B0C0 /* PBXTargetDependency */,
			);
			name = KiliaroPhotoGalleryTests;
			productName = KiliaroPhotoGalleryTests;
			productReference = 037E1423286C592E0049B0C0 /* KiliaroPhotoGalleryTests.xctest */;
			productType = "com.apple.product-type.bundle.unit-test";
		};
		037E142C286C592E0049B0C0 /* KiliaroPhotoGalleryUITests */ = {
			isa = PBXNativeTarget;
			buildConfigurationList = 037E143D286C592E0049B0C0 /* Build configuration list for PBXNativeTarget "KiliaroPhotoGalleryUITests" */;
			buildPhases = (
				037E1429286C592E0049B0C0 /* Sources */,
				037E142A286C592E0049B0C0 /* Frameworks */,
				037E142B286C592E0049B0C0 /* Resources */,
			);
			buildRules = (
			);
			dependencies = (
				037E142F286C592E0049B0C0 /* PBXTargetDependency */,
			);
			name = KiliaroPhotoGalleryUITests;
			productName = KiliaroPhotoGalleryUITests;
			productReference = 037E142D286C592E0049B0C0 /* KiliaroPhotoGalleryUITests.xctest */;
			productType = "com.apple.product-type.bundle.ui-testing";
		};
/* End PBXNativeTarget section */

/* Begin PBXProject section */
		037E1405286C592B0049B0C0 /* Project object */ = {
			isa = PBXProject;
			attributes = {
				BuildIndependentTargetsInParallel = 1;
				LastSwiftUpdateCheck = 1340;
				LastUpgradeCheck = 1340;
				TargetAttributes = {
					037E140C286C592B0049B0C0 = {
						CreatedOnToolsVersion = 13.4;
					};
					037E1422286C592E0049B0C0 = {
						CreatedOnToolsVersion = 13.4;
						TestTargetID = 037E140C286C592B0049B0C0;
					};
					037E142C286C592E0049B0C0 = {
						CreatedOnToolsVersion = 13.4;
						TestTargetID = 037E140C286C592B0049B0C0;
					};
				};
			};
			buildConfigurationList = 037E1408286C592B0049B0C0 /* Build configuration list for PBXProject "KiliaroPhotoGallery" */;
			compatibilityVersion = "Xcode 13.0";
			developmentRegion = en;
			hasScannedForEncodings = 0;
			knownRegions = (
				en,
				Base,
			);
			mainGroup = 037E1404286C592B0049B0C0;
			productRefGroup = 037E140E286C592B0049B0C0 /* Products */;
			projectDirPath = "";
			projectRoot = "";
			targets = (
				037E140C286C592B0049B0C0 /* KiliaroPhotoGallery */,
				037E1422286C592E0049B0C0 /* KiliaroPhotoGalleryTests */,
				037E142C286C592E0049B0C0 /* KiliaroPhotoGalleryUITests */,
			);
		};
/* End PBXProject section */

/* Begin PBXResourcesBuildPhase section */
		037E140B286C592B0049B0C0 /* Resources */ = {
			isa = PBXResourcesBuildPhase;
			buildActionMask = 2147483647;
			files = (
				037E141D286C592E0049B0C0 /* LaunchScreen.storyboard in Resources */,
				037E141A286C592E0049B0C0 /* Assets.xcassets in Resources */,
				037E1418286C592B0049B0C0 /* Main.storyboard in Resources */,
			);
			runOnlyForDeploymentPostprocessing = 0;
		};
		037E1421286C592E0049B0C0 /* Resources */ = {
			isa = PBXResourcesBuildPhase;
			buildActionMask = 2147483647;
			files = (
			);
			runOnlyForDeploymentPostprocessing = 0;
		};
		037E142B286C592E0049B0C0 /* Resources */ = {
			isa = PBXResourcesBuildPhase;
			buildActionMask = 2147483647;
			files = (
			);
			runOnlyForDeploymentPostprocessing = 0;
		};
/* End PBXResourcesBuildPhase section */

/* Begin PBXSourcesBuildPhase section */
		037E1409286C592B0049B0C0 /* Sources */ = {
			isa = PBXSourcesBuildPhase;
			buildActionMask = 2147483647;
			files = (
				03BD2BA0286C5D6F005A60B0 /* Model.swift in Sources */,
				037E1411286C592B0049B0C0 /* AppDelegate.swift in Sources */,
				03BD2B9E286C5D3F005A60B0 /* GalleryViewModel.swift in Sources */,
				03BD2BA3286C6252005A60B0 /* Gallery+Network.swift in Sources */,
				037E1413286C592B0049B0C0 /* SceneDelegate.swift in Sources */,
				03BD2BA7286C6425005A60B0 /* NetworkController.swift in Sources */,
				03BD2B9A286C5CD8005A60B0 /* GalleyViewController.swift in Sources */,
			);
			runOnlyForDeploymentPostprocessing = 0;
		};
		037E141F286C592E0049B0C0 /* Sources */ = {
			isa = PBXSourcesBuildPhase;
			buildActionMask = 2147483647;
			files = (
				037E1428286C592E0049B0C0 /* KiliaroPhotoGalleryTests.swift in Sources */,
			);
			runOnlyForDeploymentPostprocessing = 0;
		};
		037E1429286C592E0049B0C0 /* Sources */ = {
			isa = PBXSourcesBuildPhase;
			buildActionMask = 2147483647;
			files = (
				037E1434286C592E0049B0C0 /* KiliaroPhotoGalleryUITestsLaunchTests.swift in Sources */,
				037E1432286C592E0049B0C0 /* KiliaroPhotoGalleryUITests.swift in Sources */,
			);
			runOnlyForDeploymentPostprocessing = 0;
		};
/* End PBXSourcesBuildPhase section */

/* Begin PBXTargetDependency section */
		037E1425286C592E0049B0C0 /* PBXTargetDependency */ = {
			isa = PBXTargetDependency;
			target = 037E140C286C592B0049B0C0 /* KiliaroPhotoGallery */;
			targetProxy = 037E1424286C592E0049B0C0 /* PBXContainerItemProxy */;
		};
		037E142F286C592E0049B0C0 /* PBXTargetDependency */ = {
			isa = PBXTargetDependency;
			target = 037E140C286C592B0049B0C0 /* KiliaroPhotoGallery */;
			targetProxy = 037E142E286C592E0049B0C0 /* PBXContainerItemProxy */;
		};
/* End PBXTargetDependency section */

/* Begin PBXVariantGroup section */
		037E1416286C592B0049B0C0 /* Main.storyboard */ = {
			isa = PBXVariantGroup;
			children = (
				037E1417286C592B0049B0C0 /* Base */,
			);
			name = Main.storyboard;
			sourceTree = "<group>";
		};
		037E141B286C592E0049B0C0 /* LaunchScreen.storyboard */ = {
			isa = PBXVariantGroup;
			children = (
				037E141C286C592E0049B0C0 /* Base */,
			);
			name = LaunchScreen.storyboard;
			sourceTree = "<group>";
		};
/* End PBXVariantGroup section */

/* Begin XCBuildConfiguration section */
		037E1435286C592E0049B0C0 /* Debug */ = {
			isa = XCBuildConfiguration;
			buildSettings = {
				ALWAYS_SEARCH_USER_PATHS = NO;
				CLANG_ANALYZER_NONNULL = YES;
				CLANG_ANALYZER_NUMBER_OBJECT_CONVERSION = YES_AGGRESSIVE;
				CLANG_CXX_LANGUAGE_STANDARD = "gnu++17";
				CLANG_ENABLE_MODULES = YES;
				CLANG_ENABLE_OBJC_ARC = YES;
				CLANG_ENABLE_OBJC_WEAK = YES;
				CLANG_WARN_BLOCK_CAPTURE_AUTORELEASING = YES;
				CLANG_WARN_BOOL_CONVERSION = YES;
				CLANG_WARN_COMMA = YES;
				CLANG_WARN_CONSTANT_CONVERSION = YES;
				CLANG_WARN_DEPRECATED_OBJC_IMPLEMENTATIONS = YES;
				CLANG_WARN_DIRECT_OBJC_ISA_USAGE = YES_ERROR;
				CLANG_WARN_DOCUMENTATION_COMMENTS = YES;
				CLANG_WARN_EMPTY_BODY = YES;
				CLANG_WARN_ENUM_CONVERSION = YES;
				CLANG_WARN_INFINITE_RECURSION = YES;
				CLANG_WARN_INT_CONVERSION = YES;
				CLANG_WARN_NON_LITERAL_NULL_CONVERSION = YES;
				CLANG_WARN_OBJC_IMPLICIT_RETAIN_SELF = YES;
				CLANG_WARN_OBJC_LITERAL_CONVERSION = YES;
				CLANG_WARN_OBJC_ROOT_CLASS = YES_ERROR;
				CLANG_WARN_QUOTED_INCLUDE_IN_FRAMEWORK_HEADER = YES;
				CLANG_WARN_RANGE_LOOP_ANALYSIS = YES;
				CLANG_WARN_STRICT_PROTOTYPES = YES;
				CLANG_WARN_SUSPICIOUS_MOVE = YES;
				CLANG_WARN_UNGUARDED_AVAILABILITY = YES_AGGRESSIVE;
				CLANG_WARN_UNREACHABLE_CODE = YES;
				CLANG_WARN__DUPLICATE_METHOD_MATCH = YES;
				COPY_PHASE_STRIP = NO;
				DEBUG_INFORMATION_FORMAT = dwarf;
				ENABLE_STRICT_OBJC_MSGSEND = YES;
				ENABLE_TESTABILITY = YES;
				GCC_C_LANGUAGE_STANDARD = gnu11;
				GCC_DYNAMIC_NO_PIC = NO;
				GCC_NO_COMMON_BLOCKS = YES;
				GCC_OPTIMIZATION_LEVEL = 0;
				GCC_PREPROCESSOR_DEFINITIONS = (
					"DEBUG=1",
					"$(inherited)",
				);
				GCC_WARN_64_TO_32_BIT_CONVERSION = YES;
				GCC_WARN_ABOUT_RETURN_TYPE = YES_ERROR;
				GCC_WARN_UNDECLARED_SELECTOR = YES;
				GCC_WARN_UNINITIALIZED_AUTOS = YES_AGGRESSIVE;
				GCC_WARN_UNUSED_FUNCTION = YES;
				GCC_WARN_UNUSED_VARIABLE = YES;
				IPHONEOS_DEPLOYMENT_TARGET = 15.5;
				MTL_ENABLE_DEBUG_INFO = INCLUDE_SOURCE;
				MTL_FAST_MATH = YES;
				ONLY_ACTIVE_ARCH = YES;
				SDKROOT = iphoneos;
				SWIFT_ACTIVE_COMPILATION_CONDITIONS = DEBUG;
				SWIFT_OPTIMIZATION_LEVEL = "-Onone";
			};
			name = Debug;
		};
		037E1436286C592E0049B0C0 /* Release */ = {
			isa = XCBuildConfiguration;
			buildSettings = {
				ALWAYS_SEARCH_USER_PATHS = NO;
				CLANG_ANALYZER_NONNULL = YES;
				CLANG_ANALYZER_NUMBER_OBJECT_CONVERSION = YES_AGGRESSIVE;
				CLANG_CXX_LANGUAGE_STANDARD = "gnu++17";
				CLANG_ENABLE_MODULES = YES;
				CLANG_ENABLE_OBJC_ARC = YES;
				CLANG_ENABLE_OBJC_WEAK = YES;
				CLANG_WARN_BLOCK_CAPTURE_AUTORELEASING = YES;
				CLANG_WARN_BOOL_CONVERSION = YES;
				CLANG_WARN_COMMA = YES;
				CLANG_WARN_CONSTANT_CONVERSION = YES;
				CLANG_WARN_DEPRECATED_OBJC_IMPLEMENTATIONS = YES;
				CLANG_WARN_DIRECT_OBJC_ISA_USAGE = YES_ERROR;
				CLANG_WARN_DOCUMENTATION_COMMENTS = YES;
				CLANG_WARN_EMPTY_BODY = YES;
				CLANG_WARN_ENUM_CONVERSION = YES;
				CLANG_WARN_INFINITE_RECURSION = YES;
				CLANG_WARN_INT_CONVERSION = YES;
				CLANG_WARN_NON_LITERAL_NULL_CONVERSION = YES;
				CLANG_WARN_OBJC_IMPLICIT_RETAIN_SELF = YES;
				CLANG_WARN_OBJC_LITERAL_CONVERSION = YES;
				CLANG_WARN_OBJC_ROOT_CLASS = YES_ERROR;
				CLANG_WARN_QUOTED_INCLUDE_IN_FRAMEWORK_HEADER = YES;
				CLANG_WARN_RANGE_LOOP_ANALYSIS = YES;
				CLANG_WARN_STRICT_PROTOTYPES = YES;
				CLANG_WARN_SUSPICIOUS_MOVE = YES;
				CLANG_WARN_UNGUARDED_AVAILABILITY = YES_AGGRESSIVE;
				CLANG_WARN_UNREACHABLE_CODE = YES;
				CLANG_WARN__DUPLICATE_METHOD_MATCH = YES;
				COPY_PHASE_STRIP = NO;
				DEBUG_INFORMATION_FORMAT = "dwarf-with-dsym";
				ENABLE_NS_ASSERTIONS = NO;
				ENABLE_STRICT_OBJC_MSGSEND = YES;
				GCC_C_LANGUAGE_STANDARD = gnu11;
				GCC_NO_COMMON_BLOCKS = YES;
				GCC_WARN_64_TO_32_BIT_CONVERSION = YES;
				GCC_WARN_ABOUT_RETURN_TYPE = YES_ERROR;
				GCC_WARN_UNDECLARED_SELECTOR = YES;
				GCC_WARN_UNINITIALIZED_AUTOS = YES_AGGRESSIVE;
				GCC_WARN_UNUSED_FUNCTION = YES;
				GCC_WARN_UNUSED_VARIABLE = YES;
				IPHONEOS_DEPLOYMENT_TARGET = 15.5;
				MTL_ENABLE_DEBUG_INFO = NO;
				MTL_FAST_MATH = YES;
				SDKROOT = iphoneos;
				SWIFT_COMPILATION_MODE = wholemodule;
				SWIFT_OPTIMIZATION_LEVEL = "-O";
				VALIDATE_PRODUCT = YES;
			};
			name = Release;
		};
		037E1438286C592E0049B0C0 /* Debug */ = {
			isa = XCBuildConfiguration;
			buildSettings = {
				ASSETCATALOG_COMPILER_APPICON_NAME = AppIcon;
				ASSETCATALOG_COMPILER_GLOBAL_ACCENT_COLOR_NAME = AccentColor;
				CODE_SIGN_STYLE = Automatic;
				CURRENT_PROJECT_VERSION = 1;
				DEVELOPMENT_TEAM = Z76K2Q3HH9;
				GENERATE_INFOPLIST_FILE = YES;
				INFOPLIST_FILE = KiliaroPhotoGallery/Resource/Info.plist;
				INFOPLIST_KEY_UIApplicationSupportsIndirectInputEvents = YES;
				INFOPLIST_KEY_UILaunchStoryboardName = LaunchScreen;
				INFOPLIST_KEY_UIMainStoryboardFile = Main;
				INFOPLIST_KEY_UISupportedInterfaceOrientations_iPad = "UIInterfaceOrientationPortrait UIInterfaceOrientationPortraitUpsideDown UIInterfaceOrientationLandscapeLeft UIInterfaceOrientationLandscapeRight";
				INFOPLIST_KEY_UISupportedInterfaceOrientations_iPhone = "UIInterfaceOrientationPortrait UIInterfaceOrientationLandscapeLeft UIInterfaceOrientationLandscapeRight";
				IPHONEOS_DEPLOYMENT_TARGET = 14.0;
				LD_RUNPATH_SEARCH_PATHS = (
					"$(inherited)",
					"@executable_path/Frameworks",
				);
				MARKETING_VERSION = 1.0;
				PRODUCT_BUNDLE_IDENTIFIER = sehosseini.app.KiliaroPhotoGallery;
				PRODUCT_NAME = "$(TARGET_NAME)";
				SWIFT_EMIT_LOC_STRINGS = YES;
				SWIFT_VERSION = 5.0;
				TARGETED_DEVICE_FAMILY = "1,2";
			};
			name = Debug;
		};
		037E1439286C592E0049B0C0 /* Release */ = {
			isa = XCBuildConfiguration;
			buildSettings = {
				ASSETCATALOG_COMPILER_APPICON_NAME = AppIcon;
				ASSETCATALOG_COMPILER_GLOBAL_ACCENT_COLOR_NAME = AccentColor;
				CODE_SIGN_STYLE = Automatic;
				CURRENT_PROJECT_VERSION = 1;
				DEVELOPMENT_TEAM = Z76K2Q3HH9;
				GENERATE_INFOPLIST_FILE = YES;
				INFOPLIST_FILE = KiliaroPhotoGallery/Resource/Info.plist;
				INFOPLIST_KEY_UIApplicationSupportsIndirectInputEvents = YES;
				INFOPLIST_KEY_UILaunchStoryboardName = LaunchScreen;
				INFOPLIST_KEY_UIMainStoryboardFile = Main;
				INFOPLIST_KEY_UISupportedInterfaceOrientations_iPad = "UIInterfaceOrientationPortrait UIInterfaceOrientationPortraitUpsideDown UIInterfaceOrientationLandscapeLeft UIInterfaceOrientationLandscapeRight";
				INFOPLIST_KEY_UISupportedInterfaceOrientations_iPhone = "UIInterfaceOrientationPortrait UIInterfaceOrientationLandscapeLeft UIInterfaceOrientationLandscapeRight";
				IPHONEOS_DEPLOYMENT_TARGET = 14.0;
				LD_RUNPATH_SEARCH_PATHS = (
					"$(inherited)",
					"@executable_path/Frameworks",
				);
				MARKETING_VERSION = 1.0;
				PRODUCT_BUNDLE_IDENTIFIER = sehosseini.app.KiliaroPhotoGallery;
				PRODUCT_NAME = "$(TARGET_NAME)";
				SWIFT_EMIT_LOC_STRINGS = YES;
				SWIFT_VERSION = 5.0;
				TARGETED_DEVICE_FAMILY = "1,2";
			};
			name = Release;
		};
		037E143B286C592E0049B0C0 /* Debug */ = {
			isa = XCBuildConfiguration;
			buildSettings = {
				ALWAYS_EMBED_SWIFT_STANDARD_LIBRARIES = YES;
				BUNDLE_LOADER = "$(TEST_HOST)";
				CODE_SIGN_STYLE = Automatic;
				CURRENT_PROJECT_VERSION = 1;
				DEVELOPMENT_TEAM = Z76K2Q3HH9;
				GENERATE_INFOPLIST_FILE = YES;
				IPHONEOS_DEPLOYMENT_TARGET = 15.5;
				MARKETING_VERSION = 1.0;
				PRODUCT_BUNDLE_IDENTIFIER = sehosseini.app.KiliaroPhotoGalleryTests;
				PRODUCT_NAME = "$(TARGET_NAME)";
				SWIFT_EMIT_LOC_STRINGS = NO;
				SWIFT_VERSION = 5.0;
				TARGETED_DEVICE_FAMILY = "1,2";
				TEST_HOST = "$(BUILT_PRODUCTS_DIR)/KiliaroPhotoGallery.app/KiliaroPhotoGallery";
			};
			name = Debug;
		};
		037E143C286C592E0049B0C0 /* Release */ = {
			isa = XCBuildConfiguration;
			buildSettings = {
				ALWAYS_EMBED_SWIFT_STANDARD_LIBRARIES = YES;
				BUNDLE_LOADER = "$(TEST_HOST)";
				CODE_SIGN_STYLE = Automatic;
				CURRENT_PROJECT_VERSION = 1;
				DEVELOPMENT_TEAM = Z76K2Q3HH9;
				GENERATE_INFOPLIST_FILE = YES;
				IPHONEOS_DEPLOYMENT_TARGET = 15.5;
				MARKETING_VERSION = 1.0;
				PRODUCT_BUNDLE_IDENTIFIER = sehosseini.app.KiliaroPhotoGalleryTests;
				PRODUCT_NAME = "$(TARGET_NAME)";
				SWIFT_EMIT_LOC_STRINGS = NO;
				SWIFT_VERSION = 5.0;
				TARGETED_DEVICE_FAMILY = "1,2";
				TEST_HOST = "$(BUILT_PRODUCTS_DIR)/KiliaroPhotoGallery.app/KiliaroPhotoGallery";
			};
			name = Release;
		};
		037E143E286C592E0049B0C0 /* Debug */ = {
			isa = XCBuildConfiguration;
			buildSettings = {
				ALWAYS_EMBED_SWIFT_STANDARD_LIBRARIES = YES;
				CODE_SIGN_STYLE = Automatic;
				CURRENT_PROJECT_VERSION = 1;
				DEVELOPMENT_TEAM = Z76K2Q3HH9;
				GENERATE_INFOPLIST_FILE = YES;
				MARKETING_VERSION = 1.0;
				PRODUCT_BUNDLE_IDENTIFIER = sehosseini.app.KiliaroPhotoGalleryUITests;
				PRODUCT_NAME = "$(TARGET_NAME)";
				SWIFT_EMIT_LOC_STRINGS = NO;
				SWIFT_VERSION = 5.0;
				TARGETED_DEVICE_FAMILY = "1,2";
				TEST_TARGET_NAME = KiliaroPhotoGallery;
			};
			name = Debug;
		};
		037E143F286C592E0049B0C0 /* Release */ = {
			isa = XCBuildConfiguration;
			buildSettings = {
				ALWAYS_EMBED_SWIFT_STANDARD_LIBRARIES = YES;
				CODE_SIGN_STYLE = Automatic;
				CURRENT_PROJECT_VERSION = 1;
				DEVELOPMENT_TEAM = Z76K2Q3HH9;
				GENERATE_INFOPLIST_FILE = YES;
				MARKETING_VERSION = 1.0;
				PRODUCT_BUNDLE_IDENTIFIER = sehosseini.app.KiliaroPhotoGalleryUITests;
				PRODUCT_NAME = "$(TARGET_NAME)";
				SWIFT_EMIT_LOC_STRINGS = NO;
				SWIFT_VERSION = 5.0;
				TARGETED_DEVICE_FAMILY = "1,2";
				TEST_TARGET_NAME = KiliaroPhotoGallery;
			};
			name = Release;
		};
/* End XCBuildConfiguration section */

/* Begin XCConfigurationList section */
		037E1408286C592B0049B0C0 /* Build configuration list for PBXProject "KiliaroPhotoGallery" */ = {
			isa = XCConfigurationList;
			buildConfigurations = (
				037E1435286C592E0049B0C0 /* Debug */,
				037E1436286C592E0049B0C0 /* Release */,
			);
			defaultConfigurationIsVisible = 0;
			defaultConfigurationName = Release;
		};
		037E1437286C592E0049B0C0 /* Build configuration list for PBXNativeTarget "KiliaroPhotoGallery" */ = {
			isa = XCConfigurationList;
			buildConfigurations = (
				037E1438286C592E0049B0C0 /* Debug */,
				037E1439286C592E0049B0C0 /* Release */,
			);
			defaultConfigurationIsVisible = 0;
			defaultConfigurationName = Release;
		};
		037E143A286C592E0049B0C0 /* Build configuration list for PBXNativeTarget "KiliaroPhotoGalleryTests" */ = {
			isa = XCConfigurationList;
			buildConfigurations = (
				037E143B286C592E0049B0C0 /* Debug */,
				037E143C286C592E0049B0C0 /* Release */,
			);
			defaultConfigurationIsVisible = 0;
			defaultConfigurationName = Release;
		};
		037E143D286C592E0049B0C0 /* Build configuration list for PBXNativeTarget "KiliaroPhotoGalleryUITests" */ = {
			isa = XCConfigurationList;
			buildConfigurations = (
				037E143E286C592E0049B0C0 /* Debug */,
				037E143F286C592E0049B0C0 /* Release */,
			);
			defaultConfigurationIsVisible = 0;
			defaultConfigurationName = Release;
		};
/* End XCConfigurationList section */
	};
	rootObject = 037E1405286C592B0049B0C0 /* Project object */;
}
